
Microsoft Visual Studio Solution File, Format Version 12.00
# Visual Studio Version 17
VisualStudioVersion = 17.11.35219.272
MinimumVisualStudioVersion = 10.0.40219.1
Project("{9A19103F-16F7-4668-BE54-9A1E7A4F7556}") = "UserManagementAPI", "UserManagementAPI.csproj", "{934AA097-3D69-439F-A9B3-FDDA0917F47D}"
EndProject
Global
	GlobalSection(SolutionConfigurationPlatforms) = preSolution
		Debug|Any CPU = Debug|Any CPU
		Release|Any CPU = Release|Any CPU
	EndGlobalSection
	GlobalSection(ProjectConfigurationPlatforms) = postSolution
		{934AA097-3D69-439F-A9B3-FDDA0917F47D}.Debug|Any CPU.ActiveCfg = Debug|Any CPU
		{934AA097-3D69-439F-A9B3-FDDA0917F47D}.Debug|Any CPU.Build.0 = Debug|Any CPU
		{934AA097-3D69-439F-A9B3-FDDA0917F47D}.Release|Any CPU.ActiveCfg = Release|Any CPU
		{934AA097-3D69-439F-A9B3-FDDA0917F47D}.Release|Any CPU.Build.0 = Release|Any CPU
	EndGlobalSection
	GlobalSection(SolutionProperties) = preSolution
		HideSolutionNode = FALSE
	EndGlobalSection
	GlobalSection(ExtensibilityGlobals) = postSolution
		SolutionGuid = {640AEA80-3268-4F75-9971-28642B5D2B92}
	EndGlobalSection
EndGlobal
